Microsoft Visual Studio Solution File, Format Version 9.00
# Visual Studio 2005
Project("{FAE04EC0-301F-11D3-BF4B-00C04F79EFBC}") = "WindowsApplication3", "WindowsApplication3\WindowsApplication3.csproj", "{04486913-96AD-4920-96B8-E6F5434E4C25}"
EndProject
Global
	GlobalSection(SolutionConfigurationPlatforms) = preSolution
		Debug|Any CPU = Debug|Any CPU
		Release|Any CPU = Release|Any CPU
	EndGlobalSection
	GlobalSection(ProjectConfigurationPlatforms) = postSolution
		{04486913-96AD-4920-96B8-E6F5434E4C25}.Debug|Any CPU.ActiveCfg = Debug|Any CPU
		{04486913-96AD-4920-96B8-E6F5434E4C25}.Debug|Any CPU.Build.0 = Debug|Any CPU
		{04486913-96AD-4920-96B8-E6F5434E4C25}.Release|Any CPU.ActiveCfg = Release|Any CPU
		{04486913-96AD-4920-96B8-E6F5434E4C25}.Release|Any CPU.Build.0 = Release|Any CPU
	EndGlobalSection
	GlobalSection(SolutionProperties) = preSolution
		HideSolutionNode = FALSE
	EndGlobalSection
EndGlobal
